
Microsoft Visual Studio Solution File, Format Version 12.00
# Visual Studio Version 17
VisualStudioVersion = 17.8.34330.188
MinimumVisualStudioVersion = 10.0.40219.1
Project("{9A19103F-16F7-4668-BE54-9A1E7A4F7556}") = "BooksProject", "BooksProject\BooksProject.csproj", "{3631918B-CD96-426B-9EEF-5A9A1A2B6470}"
EndProject
Project("{9A19103F-16F7-4668-BE54-9A1E7A4F7556}") = "BookCore", "BookCore\BookCore.csproj", "{5F029037-31D4-4423-91B8-BC960CAEA20E}"
EndProject
Project("{2150E333-8FDC-42A3-9474-1A3956D46DE8}") = "Server", "Server", "{0B749728-E414-402E-8DC9-87039C0D747C}"
EndProject
Project("{2150E333-8FDC-42A3-9474-1A3956D46DE8}") = "Shared", "Shared", "{29069133-D115-4E5C-9D3C-6695A68458E5}"
EndProject
Project("{9A19103F-16F7-4668-BE54-9A1E7A4F7556}") = "BooksWebApi", "BooksWebApi\BooksWebApi.csproj", "{D249B05D-37C5-47D5-9224-60BD58558E76}"
EndProject
Project("{9A19103F-16F7-4668-BE54-9A1E7A4F7556}") = "BooksProject.Shared", "BooksProject.Shared\BooksProject.Shared.csproj", "{3445A95A-C824-4000-AE50-09DB9D01E1E7}"
EndProject
Project("{2150E333-8FDC-42A3-9474-1A3956D46DE8}") = "DataBase", "DataBase", "{0C6A3D47-99B0-494D-BD40-2712F67548EB}"
EndProject
Project("{9A19103F-16F7-4668-BE54-9A1E7A4F7556}") = "DataBaseModels.Shared", "ModelsDto\DataBaseModels.Shared.csproj", "{E6D1E7DE-7C84-4FD9-8F7A-010E0C73488B}"
EndProject
Project("{9A19103F-16F7-4668-BE54-9A1E7A4F7556}") = "DBMeneger", "DBMeneger\DBMeneger.csproj", "{0F01EB47-5193-4EFA-94C8-65D61338780A}"
EndProject
Global
	GlobalSection(SolutionConfigurationPlatforms) = preSolution
		Debug|Any CPU = Debug|Any CPU
		Release|Any CPU = Release|Any CPU
	EndGlobalSection
	GlobalSection(ProjectConfigurationPlatforms) = postSolution
		{3631918B-CD96-426B-9EEF-5A9A1A2B6470}.Debug|Any CPU.ActiveCfg = Debug|Any CPU
		{3631918B-CD96-426B-9EEF-5A9A1A2B6470}.Debug|Any CPU.Build.0 = Debug|Any CPU
		{3631918B-CD96-426B-9EEF-5A9A1A2B6470}.Release|Any CPU.ActiveCfg = Release|Any CPU
		{3631918B-CD96-426B-9EEF-5A9A1A2B6470}.Release|Any CPU.Build.0 = Release|Any CPU
		{5F029037-31D4-4423-91B8-BC960CAEA20E}.Debug|Any CPU.ActiveCfg = Debug|Any CPU
		{5F029037-31D4-4423-91B8-BC960CAEA20E}.Debug|Any CPU.Build.0 = Debug|Any CPU
		{5F029037-31D4-4423-91B8-BC960CAEA20E}.Release|Any CPU.ActiveCfg = Release|Any CPU
		{5F029037-31D4-4423-91B8-BC960CAEA20E}.Release|Any CPU.Build.0 = Release|Any CPU
		{D249B05D-37C5-47D5-9224-60BD58558E76}.Debug|Any CPU.ActiveCfg = Debug|Any CPU
		{D249B05D-37C5-47D5-9224-60BD58558E76}.Debug|Any CPU.Build.0 = Debug|Any CPU
		{D249B05D-37C5-47D5-9224-60BD58558E76}.Release|Any CPU.ActiveCfg = Release|Any CPU
		{D249B05D-37C5-47D5-9224-60BD58558E76}.Release|Any CPU.Build.0 = Release|Any CPU
		{3445A95A-C824-4000-AE50-09DB9D01E1E7}.Debug|Any CPU.ActiveCfg = Debug|Any CPU
		{3445A95A-C824-4000-AE50-09DB9D01E1E7}.Debug|Any CPU.Build.0 = Debug|Any CPU
		{3445A95A-C824-4000-AE50-09DB9D01E1E7}.Release|Any CPU.ActiveCfg = Release|Any CPU
		{3445A95A-C824-4000-AE50-09DB9D01E1E7}.Release|Any CPU.Build.0 = Release|Any CPU
		{E6D1E7DE-7C84-4FD9-8F7A-010E0C73488B}.Debug|Any CPU.ActiveCfg = Debug|Any CPU
		{E6D1E7DE-7C84-4FD9-8F7A-010E0C73488B}.Debug|Any CPU.Build.0 = Debug|Any CPU
		{E6D1E7DE-7C84-4FD9-8F7A-010E0C73488B}.Release|Any CPU.ActiveCfg = Release|Any CPU
		{E6D1E7DE-7C84-4FD9-8F7A-010E0C73488B}.Release|Any CPU.Build.0 = Release|Any CPU
		{0F01EB47-5193-4EFA-94C8-65D61338780A}.Debug|Any CPU.ActiveCfg = Debug|Any CPU
		{0F01EB47-5193-4EFA-94C8-65D61338780A}.Debug|Any CPU.Build.0 = Debug|Any CPU
		{0F01EB47-5193-4EFA-94C8-65D61338780A}.Release|Any CPU.ActiveCfg = Release|Any CPU
		{0F01EB47-5193-4EFA-94C8-65D61338780A}.Release|Any CPU.Build.0 = Release|Any CPU
	EndGlobalSection
	GlobalSection(SolutionProperties) = preSolution
		HideSolutionNode = FALSE
	EndGlobalSection
	GlobalSection(NestedProjects) = preSolution
		{D249B05D-37C5-47D5-9224-60BD58558E76} = {0B749728-E414-402E-8DC9-87039C0D747C}
		{3445A95A-C824-4000-AE50-09DB9D01E1E7} = {29069133-D115-4E5C-9D3C-6695A68458E5}
		{E6D1E7DE-7C84-4FD9-8F7A-010E0C73488B} = {0C6A3D47-99B0-494D-BD40-2712F67548EB}
		{0F01EB47-5193-4EFA-94C8-65D61338780A} = {0C6A3D47-99B0-494D-BD40-2712F67548EB}
	EndGlobalSection
	GlobalSection(ExtensibilityGlobals) = postSolution
		SolutionGuid = {51EDB28F-BB25-4EB9-B09A-5D6BCC217893}
	EndGlobalSection
EndGlobal
